// !$*UTF8*$!
{
	archiveVersion = 1;
	classes = {
	};
	objectVersion = 50;
	objects = {

/* Begin PBXBuildFile section */
		5B3966FD22B9E6FC003541F9 /* UIView + Extension.swift in Sources */ = {isa = PBXBuildFile; fileRef = 5B3966FC22B9E6FC003541F9 /* UIView + Extension.swift */; };
		5B3E982D22BB72CB005ED6E0 /* CarViewController.swift in Sources */ = {isa = PBXBuildFile; fileRef = 5B3E982C22BB72CB005ED6E0 /* CarViewController.swift */; };
		5B3E982F22BB72E6005ED6E0 /* ComputerViewController.swift in Sources */ = {isa = PBXBuildFile; fileRef = 5B3E982E22BB72E6005ED6E0 /* ComputerViewController.swift */; };
		5B3E983122BB72FE005ED6E0 /* TravelViewController.swift in Sources */ = {isa = PBXBuildFile; fileRef = 5B3E983022BB72FE005ED6E0 /* TravelViewController.swift */; };
		5B3E983322BB730C005ED6E0 /* StudyViewController.swift in Sources */ = {isa = PBXBuildFile; fileRef = 5B3E983222BB730C005ED6E0 /* StudyViewController.swift */; };
		5B3E983522BB731A005ED6E0 /* WeddingViewController.swift in Sources */ = {isa = PBXBuildFile; fileRef = 5B3E983422BB731A005ED6E0 /* WeddingViewController.swift */; };
		5B3E983722BB7329005ED6E0 /* BabyViewController.swift in Sources */ = {isa = PBXBuildFile; fileRef = 5B3E983622BB7329005ED6E0 /* BabyViewController.swift */; };
		5B3E985822BB7A55005ED6E0 /* HouseViewController.swift in Sources */ = {isa = PBXBuildFile; fileRef = 5B3E985722BB7A55005ED6E0 /* HouseViewController.swift */; };
		5BB6DC3322B75FAE00EFFAA7 /* AppDelegate.swift in Sources */ = {isa = PBXBuildFile; fileRef = 5BB6DC3222B75FAE00EFFAA7 /* AppDelegate.swift */; };
		5BB6DC3522B75FAE00EFFAA7 /* ViewController.swift in Sources */ = {isa = PBXBuildFile; fileRef = 5BB6DC3422B75FAE00EFFAA7 /* ViewController.swift */; };
		5BB6DC3822B75FAE00EFFAA7 /* Main.storyboard in Resources */ = {isa = PBXBuildFile; fileRef = 5BB6DC3622B75FAE00EFFAA7 /* Main.storyboard */; };
		5BB6DC3A22B75FAF00EFFAA7 /* Assets.xcassets in Resources */ = {isa = PBXBuildFile; fileRef = 5BB6DC3922B75FAF00EFFAA7 /* Assets.xcassets */; };
		5BB6DC3D22B75FAF00EFFAA7 /* LaunchScreen.storyboard in Resources */ = {isa = PBXBuildFile; fileRef = 5BB6DC3B22B75FAF00EFFAA7 /* LaunchScreen.storyboard */; };
		5BB6DC4822B75FAF00EFFAA7 /* CombackVietCombankTests.swift in Sources */ = {isa = PBXBuildFile; fileRef = 5BB6DC4722B75FAF00EFFAA7 /* CombackVietCombankTests.swift */; };
		5BB6DC5322B75FB000EFFAA7 /* CombackVietCombankUITests.swift in Sources */ = {isa = PBXBuildFile; fileRef = 5BB6DC5222B75FB000EFFAA7 /* CombackVietCombankUITests.swift */; };
		5BB9F3E622C359A500A1A1A7 /* InterestRateTableViewController.swift in Sources */ = {isa = PBXBuildFile; fileRef = 5BB9F3E522C359A500A1A1A7 /* InterestRateTableViewController.swift */; };
		5BB9F3E822C359BD00A1A1A7 /* TimeTableViewController.swift in Sources */ = {isa = PBXBuildFile; fileRef = 5BB9F3E722C359BD00A1A1A7 /* TimeTableViewController.swift */; };
/* End PBXBuildFile section */

/* Begin PBXContainerItemProxy section */
		5BB6DC4422B75FAF00EFFAA7 /* PBXContainerItemProxy */ = {
			isa = PBXContainerItemProxy;
			containerPortal = 5BB6DC2722B75FAE00EFFAA7 /* Project object */;
			proxyType = 1;
			remoteGlobalIDString = 5BB6DC2E22B75FAE00EFFAA7;
			remoteInfo = CombackVietCombank;
		};
		5BB6DC4F22B75FB000EFFAA7 /* PBXContainerItemProxy */ = {
			isa = PBXContainerItemProxy;
			containerPortal = 5BB6DC2722B75FAE00EFFAA7 /* Project object */;
			proxyType = 1;
			remoteGlobalIDString = 5BB6DC2E22B75FAE00EFFAA7;
			remoteInfo = CombackVietCombank;
		};
/* End PBXContainerItemProxy section */

/* Begin PBXFileReference section */
		5B3966FC22B9E6FC003541F9 /* UIView + Extension.swift */ = {isa = PBXFileReference; lastKnownFileType = sourcecode.swift; path = "UIView + Extension.swift"; sourceTree = "<group>"; };
		5B3E982C22BB72CB005ED6E0 /* CarViewController.swift */ = {isa = PBXFileReference; lastKnownFileType = sourcecode.swift; path = CarViewController.swift; sourceTree = "<group>"; };
		5B3E982E22BB72E6005ED6E0 /* ComputerViewController.swift */ = {isa = PBXFileReference; lastKnownFileType = sourcecode.swift; path = ComputerViewController.swift; sourceTree = "<group>"; };
		5B3E983022BB72FE005ED6E0 /* TravelViewController.swift */ = {isa = PBXFileReference; lastKnownFileType = sourcecode.swift; path = TravelViewController.swift; sourceTree = "<group>"; };
		5B3E983222BB730C005ED6E0 /* StudyViewController.swift */ = {isa = PBXFileReference; lastKnownFileType = sourcecode.swift; path = StudyViewController.swift; sourceTree = "<group>"; };
		5B3E983422BB731A005ED6E0 /* WeddingViewController.swift */ = {isa = PBXFileReference; lastKnownFileType = sourcecode.swift; path = WeddingViewController.swift; sourceTree = "<group>"; };
		5B3E983622BB7329005ED6E0 /* BabyViewController.swift */ = {isa = PBXFileReference; lastKnownFileType = sourcecode.swift; path = BabyViewController.swift; sourceTree = "<group>"; };
		5B3E985722BB7A55005ED6E0 /* HouseViewController.swift */ = {isa = PBXFileReference; lastKnownFileType = sourcecode.swift; path = HouseViewController.swift; sourceTree = "<group>"; };
		5BB6DC2F22B75FAE00EFFAA7 /* CombackVietCombank.app */ = {isa = PBXFileReference; explicitFileType = wrapper.application; includeInIndex = 0; path = CombackVietCombank.app; sourceTree = BUILT_PRODUCTS_DIR; };
		5BB6DC3222B75FAE00EFFAA7 /* AppDelegate.swift */ = {isa = PBXFileReference; lastKnownFileType = sourcecode.swift; path = AppDelegate.swift; sourceTree = "<group>"; };
		5BB6DC3422B75FAE00EFFAA7 /* ViewController.swift */ = {isa = PBXFileReference; lastKnownFileType = sourcecode.swift; path = ViewController.swift; sourceTree = "<group>"; };
		5BB6DC3722B75FAE00EFFAA7 /* Base */ = {isa = PBXFileReference; lastKnownFileType = file.storyboard; name = Base; path = Base.lproj/Main.storyboard; sourceTree = "<group>"; };
		5BB6DC3922B75FAF00EFFAA7 /* Assets.xcassets */ = {isa = PBXFileReference; lastKnownFileType = folder.assetcatalog; path = Assets.xcassets; sourceTree = "<group>"; };
		5BB6DC3C22B75FAF00EFFAA7 /* Base */ = {isa = PBXFileReference; lastKnownFileType = file.storyboard; name = Base; path = Base.lproj/LaunchScreen.storyboard; sourceTree = "<group>"; };
		5BB6DC3E22B75FAF00EFFAA7 /* Info.plist */ = {isa = PBXFileReference; lastKnownFileType = text.plist.xml; path = Info.plist; sourceTree = "<group>"; };
		5BB6DC4322B75FAF00EFFAA7 /* CombackVietCombankTests.xctest */ = {isa = PBXFileReference; explicitFileType = wrapper.cfbundle; includeInIndex = 0; path = CombackVietCombankTests.xctest; sourceTree = BUILT_PRODUCTS_DIR; };
		5BB6DC4722B75FAF00EFFAA7 /* CombackVietCombankTests.swift */ = {isa = PBXFileReference; lastKnownFileType = sourcecode.swift; path = CombackVietCombankTests.swift; sourceTree = "<group>"; };
		5BB6DC4922B75FB000EFFAA7 /* Info.plist */ = {isa = PBXFileReference; lastKnownFileType = text.plist.xml; path = Info.plist; sourceTree = "<group>"; };
		5BB6DC4E22B75FB000EFFAA7 /* CombackVietCombankUITests.xctest */ = {isa = PBXFileReference; explicitFileType = wrapper.cfbundle; includeInIndex = 0; path = CombackVietCombankUITests.xctest; sourceTree = BUILT_PRODUCTS_DIR; };
		5BB6DC5222B75FB000EFFAA7 /* CombackVietCombankUITests.swift */ = {isa = PBXFileReference; lastKnownFileType = sourcecode.swift; path = CombackVietCombankUITests.swift; sourceTree = "<group>"; };
		5BB6DC5422B75FB000EFFAA7 /* Info.plist */ = {isa = PBXFileReference; lastKnownFileType = text.plist.xml; path = Info.plist; sourceTree = "<group>"; };
		5BB9F3E522C359A500A1A1A7 /* InterestRateTableViewController.swift */ = {isa = PBXFileReference; lastKnownFileType = sourcecode.swift; path = InterestRateTableViewController.swift; sourceTree = "<group>"; };
		5BB9F3E722C359BD00A1A1A7 /* TimeTableViewController.swift */ = {isa = PBXFileReference; lastKnownFileType = sourcecode.swift; path = TimeTableViewController.swift; sourceTree = "<group>"; };
/* End PBXFileReference section */

/* Begin PBXFrameworksBuildPhase section */
		5BB6DC2C22B75FAE00EFFAA7 /* Frameworks */ = {
			isa = PBXFrameworksBuildPhase;
			buildActionMask = 2147483647;
			files = (
			);
			runOnlyForDeploymentPostprocessing = 0;
		};
		5BB6DC4022B75FAF00EFFAA7 /* Frameworks */ = {
			isa = PBXFrameworksBuildPhase;
			buildActionMask = 2147483647;
			files = (
			);
			runOnlyForDeploymentPostprocessing = 0;
		};
		5BB6DC4B22B75FB000EFFAA7 /* Frameworks */ = {
			isa = PBXFrameworksBuildPhase;
			buildActionMask = 2147483647;
			files = (
			);
			runOnlyForDeploymentPostprocessing = 0;
		};
/* End PBXFrameworksBuildPhase section */

/* Begin PBXGroup section */
		5B3966FB22B9E6D5003541F9 /* Supported File */ = {
			isa = PBXGroup;
			children = (
				5B3966FC22B9E6FC003541F9 /* UIView + Extension.swift */,
			);
			path = "Supported File";
			sourceTree = "<group>";
		};
		5BB6DC2622B75FAE00EFFAA7 = {
			isa = PBXGroup;
			children = (
				5B3966FB22B9E6D5003541F9 /* Supported File */,
				5BB6DC3122B75FAE00EFFAA7 /* CombackVietCombank */,
				5BB6DC4622B75FAF00EFFAA7 /* CombackVietCombankTests */,
				5BB6DC5122B75FB000EFFAA7 /* CombackVietCombankUITests */,
				5BB6DC3022B75FAE00EFFAA7 /* Products */,
			);
			sourceTree = "<group>";
		};
		5BB6DC3022B75FAE00EFFAA7 /* Products */ = {
			isa = PBXGroup;
			children = (
				5BB6DC2F22B75FAE00EFFAA7 /* CombackVietCombank.app */,
				5BB6DC4322B75FAF00EFFAA7 /* CombackVietCombankTests.xctest */,
				5BB6DC4E22B75FB000EFFAA7 /* CombackVietCombankUITests.xctest */,
			);
			name = Products;
			sourceTree = "<group>";
		};
		5BB6DC3122B75FAE00EFFAA7 /* CombackVietCombank */ = {
			isa = PBXGroup;
			children = (
				5BB6DC3222B75FAE00EFFAA7 /* AppDelegate.swift */,
				5BB6DC3422B75FAE00EFFAA7 /* ViewController.swift */,
				5B3E985722BB7A55005ED6E0 /* HouseViewController.swift */,
				5B3E982C22BB72CB005ED6E0 /* CarViewController.swift */,
				5B3E982E22BB72E6005ED6E0 /* ComputerViewController.swift */,
				5B3E983022BB72FE005ED6E0 /* TravelViewController.swift */,
				5B3E983222BB730C005ED6E0 /* StudyViewController.swift */,
				5B3E983422BB731A005ED6E0 /* WeddingViewController.swift */,
				5B3E983622BB7329005ED6E0 /* BabyViewController.swift */,
				5BB9F3E522C359A500A1A1A7 /* InterestRateTableViewController.swift */,
				5BB9F3E722C359BD00A1A1A7 /* TimeTableViewController.swift */,
				5BB6DC3622B75FAE00EFFAA7 /* Main.storyboard */,
				5BB6DC3922B75FAF00EFFAA7 /* Assets.xcassets */,
				5BB6DC3B22B75FAF00EFFAA7 /* LaunchScreen.storyboard */,
				5BB6DC3E22B75FAF00EFFAA7 /* Info.plist */,
			);
			path = CombackVietCombank;
			sourceTree = "<group>";
		};
		5BB6DC4622B75FAF00EFFAA7 /* CombackVietCombankTests */ = {
			isa = PBXGroup;
			children = (
				5BB6DC4722B75FAF00EFFAA7 /* CombackVietCombankTests.swift */,
				5BB6DC4922B75FB000EFFAA7 /* Info.plist */,
			);
			path = CombackVietCombankTests;
			sourceTree = "<group>";
		};
		5BB6DC5122B75FB000EFFAA7 /* CombackVietCombankUITests */ = {
			isa = PBXGroup;
			children = (
				5BB6DC5222B75FB000EFFAA7 /* CombackVietCombankUITests.swift */,
				5BB6DC5422B75FB000EFFAA7 /* Info.plist */,
			);
			path = CombackVietCombankUITests;
			sourceTree = "<group>";
		};
/* End PBXGroup section */

/* Begin PBXNativeTarget section */
		5BB6DC2E22B75FAE00EFFAA7 /* CombackVietCombank */ = {
			isa = PBXNativeTarget;
			buildConfigurationList = 5BB6DC5722B75FB000EFFAA7 /* Build configuration list for PBXNativeTarget "CombackVietCombank" */;
			buildPhases = (
				5BB6DC2B22B75FAE00EFFAA7 /* Sources */,
				5BB6DC2C22B75FAE00EFFAA7 /* Frameworks */,
				5BB6DC2D22B75FAE00EFFAA7 /* Resources */,
			);
			buildRules = (
			);
			dependencies = (
			);
			name = CombackVietCombank;
			productName = CombackVietCombank;
			productReference = 5BB6DC2F22B75FAE00EFFAA7 /* CombackVietCombank.app */;
			productType = "com.apple.product-type.application";
		};
		5BB6DC4222B75FAF00EFFAA7 /* CombackVietCombankTests */ = {
			isa = PBXNativeTarget;
			buildConfigurationList = 5BB6DC5A22B75FB000EFFAA7 /* Build configuration list for PBXNativeTarget "CombackVietCombankTests" */;
			buildPhases = (
				5BB6DC3F22B75FAF00EFFAA7 /* Sources */,
				5BB6DC4022B75FAF00EFFAA7 /* Frameworks */,
				5BB6DC4122B75FAF00EFFAA7 /* Resources */,
			);
			buildRules = (
			);
			dependencies = (
				5BB6DC4522B75FAF00EFFAA7 /* PBXTargetDependency */,
			);
			name = CombackVietCombankTests;
			productName = CombackVietCombankTests;
			productReference = 5BB6DC4322B75FAF00EFFAA7 /* CombackVietCombankTests.xctest */;
			productType = "com.apple.product-type.bundle.unit-test";
		};
		5BB6DC4D22B75FB000EFFAA7 /* CombackVietCombankUITests */ = {
			isa = PBXNativeTarget;
			buildConfigurationList = 5BB6DC5D22B75FB000EFFAA7 /* Build configuration list for PBXNativeTarget "CombackVietCombankUITests" */;
			buildPhases = (
				5BB6DC4A22B75FB000EFFAA7 /* Sources */,
				5BB6DC4B22B75FB000EFFAA7 /* Frameworks */,
				5BB6DC4C22B75FB000EFFAA7 /* Resources */,
			);
			buildRules = (
			);
			dependencies = (
				5BB6DC5022B75FB000EFFAA7 /* PBXTargetDependency */,
			);
			name = CombackVietCombankUITests;
			productName = CombackVietCombankUITests;
			productReference = 5BB6DC4E22B75FB000EFFAA7 /* CombackVietCombankUITests.xctest */;
			productType = "com.apple.product-type.bundle.ui-testing";
		};
/* End PBXNativeTarget section */

/* Begin PBXProject section */
		5BB6DC2722B75FAE00EFFAA7 /* Project object */ = {
			isa = PBXProject;
			attributes = {
				LastSwiftUpdateCheck = 1000;
				LastUpgradeCheck = 1000;
				ORGANIZATIONNAME = "Hoàng Anh";
				TargetAttributes = {
					5BB6DC2E22B75FAE00EFFAA7 = {
						CreatedOnToolsVersion = 10.0;
					};
					5BB6DC4222B75FAF00EFFAA7 = {
						CreatedOnToolsVersion = 10.0;
						TestTargetID = 5BB6DC2E22B75FAE00EFFAA7;
					};
					5BB6DC4D22B75FB000EFFAA7 = {
						CreatedOnToolsVersion = 10.0;
						TestTargetID = 5BB6DC2E22B75FAE00EFFAA7;
					};
				};
			};
			buildConfigurationList = 5BB6DC2A22B75FAE00EFFAA7 /* Build configuration list for PBXProject "CombackVietCombank" */;
			compatibilityVersion = "Xcode 9.3";
			developmentRegion = en;
			hasScannedForEncodings = 0;
			knownRegions = (
				en,
				Base,
			);
			mainGroup = 5BB6DC2622B75FAE00EFFAA7;
			productRefGroup = 5BB6DC3022B75FAE00EFFAA7 /* Products */;
			projectDirPath = "";
			projectRoot = "";
			targets = (
				5BB6DC2E22B75FAE00EFFAA7 /* CombackVietCombank */,
				5BB6DC4222B75FAF00EFFAA7 /* CombackVietCombankTests */,
				5BB6DC4D22B75FB000EFFAA7 /* CombackVietCombankUITests */,
			);
		};
/* End PBXProject section */

/* Begin PBXResourcesBuildPhase section */
		5BB6DC2D22B75FAE00EFFAA7 /* Resources */ = {
			isa = PBXResourcesBuildPhase;
			buildActionMask = 2147483647;
			files = (
				5BB6DC3D22B75FAF00EFFAA7 /* LaunchScreen.storyboard in Resources */,
				5BB6DC3A22B75FAF00EFFAA7 /* Assets.xcassets in Resources */,
				5BB6DC3822B75FAE00EFFAA7 /* Main.storyboard in Resources */,
			);
			runOnlyForDeploymentPostprocessing = 0;
		};
		5BB6DC4122B75FAF00EFFAA7 /* Resources */ = {
			isa = PBXResourcesBuildPhase;
			buildActionMask = 2147483647;
			files = (
			);
			runOnlyForDeploymentPostprocessing = 0;
		};
		5BB6DC4C22B75FB000EFFAA7 /* Resources */ = {
			isa = PBXResourcesBuildPhase;
			buildActionMask = 2147483647;
			files = (
			);
			runOnlyForDeploymentPostprocessing = 0;
		};
/* End PBXResourcesBuildPhase section */

/* Begin PBXSourcesBuildPhase section */
		5BB6DC2B22B75FAE00EFFAA7 /* Sources */ = {
			isa = PBXSourcesBuildPhase;
			buildActionMask = 2147483647;
			files = (
				5B3E982D22BB72CB005ED6E0 /* CarViewController.swift in Sources */,
				5B3966FD22B9E6FC003541F9 /* UIView + Extension.swift in Sources */,
				5BB9F3E822C359BD00A1A1A7 /* TimeTableViewController.swift in Sources */,
				5B3E983122BB72FE005ED6E0 /* TravelViewController.swift in Sources */,
				5BB6DC3522B75FAE00EFFAA7 /* ViewController.swift in Sources */,
				5B3E983322BB730C005ED6E0 /* StudyViewController.swift in Sources */,
				5B3E985822BB7A55005ED6E0 /* HouseViewController.swift in Sources */,
				5B3E982F22BB72E6005ED6E0 /* ComputerViewController.swift in Sources */,
				5BB9F3E622C359A500A1A1A7 /* InterestRateTableViewController.swift in Sources */,
				5B3E983722BB7329005ED6E0 /* BabyViewController.swift in Sources */,
				5BB6DC3322B75FAE00EFFAA7 /* AppDelegate.swift in Sources */,
				5B3E983522BB731A005ED6E0 /* WeddingViewController.swift in Sources */,
			);
			runOnlyForDeploymentPostprocessing = 0;
		};
		5BB6DC3F22B75FAF00EFFAA7 /* Sources */ = {
			isa = PBXSourcesBuildPhase;
			buildActionMask = 2147483647;
			files = (
				5BB6DC4822B75FAF00EFFAA7 /* CombackVietCombankTests.swift in Sources */,
			);
			runOnlyForDeploymentPostprocessing = 0;
		};
		5BB6DC4A22B75FB000EFFAA7 /* Sources */ = {
			isa = PBXSourcesBuildPhase;
			buildActionMask = 2147483647;
			files = (
				5BB6DC5322B75FB000EFFAA7 /* CombackVietCombankUITests.swift in Sources */,
			);
			runOnlyForDeploymentPostprocessing = 0;
		};
/* End PBXSourcesBuildPhase section */

/* Begin PBXTargetDependency section */
		5BB6DC4522B75FAF00EFFAA7 /* PBXTargetDependency */ = {
			isa = PBXTargetDependency;
			target = 5BB6DC2E22B75FAE00EFFAA7 /* CombackVietCombank */;
			targetProxy = 5BB6DC4422B75FAF00EFFAA7 /* PBXContainerItemProxy */;
		};
		5BB6DC5022B75FB000EFFAA7 /* PBXTargetDependency */ = {
			isa = PBXTargetDependency;
			target = 5BB6DC2E22B75FAE00EFFAA7 /* CombackVietCombank */;
			targetProxy = 5BB6DC4F22B75FB000EFFAA7 /* PBXContainerItemProxy */;
		};
/* End PBXTargetDependency section */

/* Begin PBXVariantGroup section */
		5BB6DC3622B75FAE00EFFAA7 /* Main.storyboard */ = {
			isa = PBXVariantGroup;
			children = (
				5BB6DC3722B75FAE00EFFAA7 /* Base */,
			);
			name = Main.storyboard;
			sourceTree = "<group>";
		};
		5BB6DC3B22B75FAF00EFFAA7 /* LaunchScreen.storyboard */ = {
			isa = PBXVariantGroup;
			children = (
				5BB6DC3C22B75FAF00EFFAA7 /* Base */,
			);
			name = LaunchScreen.storyboard;
			sourceTree = "<group>";
		};
/* End PBXVariantGroup section */

/* Begin XCBuildConfiguration section */
		5BB6DC5522B75FB000EFFAA7 /* Debug */ = {
			isa = XCBuildConfiguration;
			buildSettings = {
				ALWAYS_SEARCH_USER_PATHS = NO;
				CLANG_ANALYZER_NONNULL = YES;
				CLANG_ANALYZER_NUMBER_OBJECT_CONVERSION = YES_AGGRESSIVE;
				CLANG_CXX_LANGUAGE_STANDARD = "gnu++14";
				CLANG_CXX_LIBRARY = "libc++";
				CLANG_ENABLE_MODULES = YES;
				CLANG_ENABLE_OBJC_ARC = YES;
				CLANG_ENABLE_OBJC_WEAK = YES;
				CLANG_WARN_BLOCK_CAPTURE_AUTORELEASING = YES;
				CLANG_WARN_BOOL_CONVERSION = YES;
				CLANG_WARN_COMMA = YES;
				CLANG_WARN_CONSTANT_CONVERSION = YES;
				CLANG_WARN_DEPRECATED_OBJC_IMPLEMENTATIONS = YES;
				CLANG_WARN_DIRECT_OBJC_ISA_USAGE = YES_ERROR;
				CLANG_WARN_DOCUMENTATION_COMMENTS = YES;
				CLANG_WARN_EMPTY_BODY = YES;
				CLANG_WARN_ENUM_CONVERSION = YES;
				CLANG_WARN_INFINITE_RECURSION = YES;
				CLANG_WARN_INT_CONVERSION = YES;
				CLANG_WARN_NON_LITERAL_NULL_CONVERSION = YES;
				CLANG_WARN_OBJC_IMPLICIT_RETAIN_SELF = YES;
				CLANG_WARN_OBJC_LITERAL_CONVERSION = YES;
				CLANG_WARN_OBJC_ROOT_CLASS = YES_ERROR;
				CLANG_WARN_RANGE_LOOP_ANALYSIS = YES;
				CLANG_WARN_STRICT_PROTOTYPES = YES;
				CLANG_WARN_SUSPICIOUS_MOVE = YES;
				CLANG_WARN_UNGUARDED_AVAILABILITY = YES_AGGRESSIVE;
				CLANG_WARN_UNREACHABLE_CODE = YES;
				CLANG_WARN__DUPLICATE_METHOD_MATCH = YES;
				CODE_SIGN_IDENTITY = "iPhone Developer";
				COPY_PHASE_STRIP = NO;
				DEBUG_INFORMATION_FORMAT = dwarf;
				ENABLE_STRICT_OBJC_MSGSEND = YES;
				ENABLE_TESTABILITY = YES;
				GCC_C_LANGUAGE_STANDARD = gnu11;
				GCC_DYNAMIC_NO_PIC = NO;
				GCC_NO_COMMON_BLOCKS = YES;
				GCC_OPTIMIZATION_LEVEL = 0;
				GCC_PREPROCESSOR_DEFINITIONS = (
					"DEBUG=1",
					"$(inherited)",
				);
				GCC_WARN_64_TO_32_BIT_CONVERSION = YES;
				GCC_WARN_ABOUT_RETURN_TYPE = YES_ERROR;
				GCC_WARN_UNDECLARED_SELECTOR = YES;
				GCC_WARN_UNINITIALIZED_AUTOS = YES_AGGRESSIVE;
				GCC_WARN_UNUSED_FUNCTION = YES;
				GCC_WARN_UNUSED_VARIABLE = YES;
				IPHONEOS_DEPLOYMENT_TARGET = 12.0;
				MTL_ENABLE_DEBUG_INFO = INCLUDE_SOURCE;
				MTL_FAST_MATH = YES;
				ONLY_ACTIVE_ARCH = YES;
				SDKROOT = iphoneos;
				SWIFT_ACTIVE_COMPILATION_CONDITIONS = DEBUG;
				SWIFT_OPTIMIZATION_LEVEL = "-Onone";
			};
			name = Debug;
		};
		5BB6DC5622B75FB000EFFAA7 /* Release */ = {
			isa = XCBuildConfiguration;
			buildSettings = {
				ALWAYS_SEARCH_USER_PATHS = NO;
				CLANG_ANALYZER_NONNULL = YES;
				CLANG_ANALYZER_NUMBER_OBJECT_CONVERSION = YES_AGGRESSIVE;
				CLANG_CXX_LANGUAGE_STANDARD = "gnu++14";
				CLANG_CXX_LIBRARY = "libc++";
				CLANG_ENABLE_MODULES = YES;
				CLANG_ENABLE_OBJC_ARC = YES;
				CLANG_ENABLE_OBJC_WEAK = YES;
				CLANG_WARN_BLOCK_CAPTURE_AUTORELEASING = YES;
				CLANG_WARN_BOOL_CONVERSION = YES;
				CLANG_WARN_COMMA = YES;
				CLANG_WARN_CONSTANT_CONVERSION = YES;
				CLANG_WARN_DEPRECATED_OBJC_IMPLEMENTATIONS = YES;
				CLANG_WARN_DIRECT_OBJC_ISA_USAGE = YES_ERROR;
				CLANG_WARN_DOCUMENTATION_COMMENTS = YES;
				CLANG_WARN_EMPTY_BODY = YES;
				CLANG_WARN_ENUM_CONVERSION = YES;
				CLANG_WARN_INFINITE_RECURSION = YES;
				CLANG_WARN_INT_CONVERSION = YES;
				CLANG_WARN_NON_LITERAL_NULL_CONVERSION = YES;
				CLANG_WARN_OBJC_IMPLICIT_RETAIN_SELF = YES;
				CLANG_WARN_OBJC_LITERAL_CONVERSION = YES;
				CLANG_WARN_OBJC_ROOT_CLASS = YES_ERROR;
				CLANG_WARN_RANGE_LOOP_ANALYSIS = YES;
				CLANG_WARN_STRICT_PROTOTYPES = YES;
				CLANG_WARN_SUSPICIOUS_MOVE = YES;
				CLANG_WARN_UNGUARDED_AVAILABILITY = YES_AGGRESSIVE;
				CLANG_WARN_UNREACHABLE_CODE = YES;
				CLANG_WARN__DUPLICATE_METHOD_MATCH = YES;
				CODE_SIGN_IDENTITY = "iPhone Developer";
				COPY_PHASE_STRIP = NO;
				DEBUG_INFORMATION_FORMAT = "dwarf-with-dsym";
				ENABLE_NS_ASSERTIONS = NO;
				ENABLE_STRICT_OBJC_MSGSEND = YES;
				GCC_C_LANGUAGE_STANDARD = gnu11;
				GCC_NO_COMMON_BLOCKS = YES;
				GCC_WARN_64_TO_32_BIT_CONVERSION = YES;
				GCC_WARN_ABOUT_RETURN_TYPE = YES_ERROR;
				GCC_WARN_UNDECLARED_SELECTOR = YES;
				GCC_WARN_UNINITIALIZED_AUTOS = YES_AGGRESSIVE;
				GCC_WARN_UNUSED_FUNCTION = YES;
				GCC_WARN_UNUSED_VARIABLE = YES;
				IPHONEOS_DEPLOYMENT_TARGET = 12.0;
				MTL_ENABLE_DEBUG_INFO = NO;
				MTL_FAST_MATH = YES;
				SDKROOT = iphoneos;
				SWIFT_COMPILATION_MODE = wholemodule;
				SWIFT_OPTIMIZATION_LEVEL = "-O";
				VALIDATE_PRODUCT = YES;
			};
			name = Release;
		};
		5BB6DC5822B75FB000EFFAA7 /* Debug */ = {
			isa = XCBuildConfiguration;
			buildSettings = {
				ASSETCATALOG_COMPILER_APPICON_NAME = AppIcon;
				CODE_SIGN_IDENTITY = "iPhone Developer";
				CODE_SIGN_STYLE = Automatic;
				DEVELOPMENT_TEAM = 5SZC5UBTXP;
				INFOPLIST_FILE = CombackVietCombank/Info.plist;
				IPHONEOS_DEPLOYMENT_TARGET = 10.3;
				LD_RUNPATH_SEARCH_PATHS = (
					"$(inherited)",
					"@executable_path/Frameworks",
				);
				PRODUCT_BUNDLE_IDENTIFIER = abc.CombackVietCombank;
				PRODUCT_NAME = "$(TARGET_NAME)";
				PROVISIONING_PROFILE_SPECIFIER = "";
				SWIFT_VERSION = 4.2;
				TARGETED_DEVICE_FAMILY = 1;
			};
			name = Debug;
		};
		5BB6DC5922B75FB000EFFAA7 /* Release */ = {
			isa = XCBuildConfiguration;
			buildSettings = {
				ASSETCATALOG_COMPILER_APPICON_NAME = AppIcon;
				CODE_SIGN_IDENTITY = "iPhone Developer";
				CODE_SIGN_STYLE = Automatic;
				DEVELOPMENT_TEAM = 5SZC5UBTXP;
				INFOPLIST_FILE = CombackVietCombank/Info.plist;
				IPHONEOS_DEPLOYMENT_TARGET = 10.3;
				LD_RUNPATH_SEARCH_PATHS = (
					"$(inherited)",
					"@executable_path/Frameworks",
				);
				PRODUCT_BUNDLE_IDENTIFIER = abc.CombackVietCombank;
				PRODUCT_NAME = "$(TARGET_NAME)";
				PROVISIONING_PROFILE_SPECIFIER = "";
				SWIFT_VERSION = 4.2;
				TARGETED_DEVICE_FAMILY = 1;
			};
			name = Release;
		};
		5BB6DC5B22B75FB000EFFAA7 /* Debug */ = {
			isa = XCBuildConfiguration;
			buildSettings = {
				ALWAYS_EMBED_SWIFT_STANDARD_LIBRARIES = YES;
				BUNDLE_LOADER = "$(TEST_HOST)";
				CODE_SIGN_STYLE = Automatic;
				INFOPLIST_FILE = CombackVietCombankTests/Info.plist;
				LD_RUNPATH_SEARCH_PATHS = (
					"$(inherited)",
					"@executable_path/Frameworks",
					"@loader_path/Frameworks",
				);
				PRODUCT_BUNDLE_IDENTIFIER = abc.CombackVietCombankTests;
				PRODUCT_NAME = "$(TARGET_NAME)";
				SWIFT_VERSION = 4.2;
				TARGETED_DEVICE_FAMILY = "1,2";
				TEST_HOST = "$(BUILT_PRODUCTS_DIR)/CombackVietCombank.app/CombackVietCombank";
			};
			name = Debug;
		};
		5BB6DC5C22B75FB000EFFAA7 /* Release */ = {
			isa = XCBuildConfiguration;
			buildSettings = {
				ALWAYS_EMBED_SWIFT_STANDARD_LIBRARIES = YES;
				BUNDLE_LOADER = "$(TEST_HOST)";
				CODE_SIGN_STYLE = Automatic;
				INFOPLIST_FILE = CombackVietCombankTests/Info.plist;
				LD_RUNPATH_SEARCH_PATHS = (
					"$(inherited)",
					"@executable_path/Frameworks",
					"@loader_path/Frameworks",
				);
				PRODUCT_BUNDLE_IDENTIFIER = abc.CombackVietCombankTests;
				PRODUCT_NAME = "$(TARGET_NAME)";
				SWIFT_VERSION = 4.2;
				TARGETED_DEVICE_FAMILY = "1,2";
				TEST_HOST = "$(BUILT_PRODUCTS_DIR)/CombackVietCombank.app/CombackVietCombank";
			};
			name = Release;
		};
		5BB6DC5E22B75FB000EFFAA7 /* Debug */ = {
			isa = XCBuildConfiguration;
			buildSettings = {
				ALWAYS_EMBED_SWIFT_STANDARD_LIBRARIES = YES;
				CODE_SIGN_STYLE = Automatic;
				INFOPLIST_FILE = CombackVietCombankUITests/Info.plist;
				LD_RUNPATH_SEARCH_PATHS = (
					"$(inherited)",
					"@executable_path/Frameworks",
					"@loader_path/Frameworks",
				);
				PRODUCT_BUNDLE_IDENTIFIER = abc.CombackVietCombankUITests;
				PRODUCT_NAME = "$(TARGET_NAME)";
				SWIFT_VERSION = 4.2;
				TARGETED_DEVICE_FAMILY = "1,2";
				TEST_TARGET_NAME = CombackVietCombank;
			};
			name = Debug;
		};
		5BB6DC5F22B75FB000EFFAA7 /* Release */ = {
			isa = XCBuildConfiguration;
			buildSettings = {
				ALWAYS_EMBED_SWIFT_STANDARD_LIBRARIES = YES;
				CODE_SIGN_STYLE = Automatic;
				INFOPLIST_FILE = CombackVietCombankUITests/Info.plist;
				LD_RUNPATH_SEARCH_PATHS = (
					"$(inherited)",
					"@executable_path/Frameworks",
					"@loader_path/Frameworks",
				);
				PRODUCT_BUNDLE_IDENTIFIER = abc.CombackVietCombankUITests;
				PRODUCT_NAME = "$(TARGET_NAME)";
				SWIFT_VERSION = 4.2;
				TARGETED_DEVICE_FAMILY = "1,2";
				TEST_TARGET_NAME = CombackVietCombank;
			};
			name = Release;
		};
/* End XCBuildConfiguration section */

/* Begin XCConfigurationList section */
		5BB6DC2A22B75FAE00EFFAA7 /* Build configuration list for PBXProject "CombackVietCombank" */ = {
			isa = XCConfigurationList;
			buildConfigurations = (
				5BB6DC5522B75FB000EFFAA7 /* Debug */,
				5BB6DC5622B75FB000EFFAA7 /* Release */,
			);
			defaultConfigurationIsVisible = 0;
			defaultConfigurationName = Release;
		};
		5BB6DC5722B75FB000EFFAA7 /* Build configuration list for PBXNativeTarget "CombackVietCombank" */ = {
			isa = XCConfigurationList;
			buildConfigurations = (
				5BB6DC5822B75FB000EFFAA7 /* Debug */,
				5BB6DC5922B75FB000EFFAA7 /* Release */,
			);
			defaultConfigurationIsVisible = 0;
			defaultConfigurationName = Release;
		};
		5BB6DC5A22B75FB000EFFAA7 /* Build configuration list for PBXNativeTarget "CombackVietCombankTests" */ = {
			isa = XCConfigurationList;
			buildConfigurations = (
				5BB6DC5B22B75FB000EFFAA7 /* Debug */,
				5BB6DC5C22B75FB000EFFAA7 /* Release */,
			);
			defaultConfigurationIsVisible = 0;
			defaultConfigurationName = Release;
		};
		5BB6DC5D22B75FB000EFFAA7 /* Build configuration list for PBXNativeTarget "CombackVietCombankUITests" */ = {
			isa = XCConfigurationList;
			buildConfigurations = (
				5BB6DC5E22B75FB000EFFAA7 /* Debug */,
				5BB6DC5F22B75FB000EFFAA7 /* Release */,
			);
			defaultConfigurationIsVisible = 0;
			defaultConfigurationName = Release;
		};
/* End XCConfigurationList section */
	};
	rootObject = 5BB6DC2722B75FAE00EFFAA7 /* Project object */;
}
